
Microsoft Visual Studio Solution File, Format Version 12.00
# Visual Studio Version 16
VisualStudioVersion = 16.0.30011.22
MinimumVisualStudioVersion = 10.0.40219.1
Project("{FAE04EC0-301F-11D3-BF4B-00C04F79EFBC}") = "SequenceAnimationConverter", "SequenceAnimationConverter.csproj", "{DFAFF86E-1597-41AB-AF08-91C13F78ABBE}"
EndProject
Global
	GlobalSection(SolutionConfigurationPlatforms) = preSolution
		Debug|Any CPU = Debug|Any CPU
		Release|Any CPU = Release|Any CPU
	EndGlobalSection
	GlobalSection(ProjectConfigurationPlatforms) = postSolution
		{DFAFF86E-1597-41AB-AF08-91C13F78ABBE}.Debug|Any CPU.ActiveCfg = Debug|Any CPU
		{DFAFF86E-1597-41AB-AF08-91C13F78ABBE}.Debug|Any CPU.Build.0 = Debug|Any CPU
		{DFAFF86E-1597-41AB-AF08-91C13F78ABBE}.Release|Any CPU.ActiveCfg = Release|Any CPU
		{DFAFF86E-1597-41AB-AF08-91C13F78ABBE}.Release|Any CPU.Build.0 = Release|Any CPU
	EndGlobalSection
	GlobalSection(SolutionProperties) = preSolution
		HideSolutionNode = FALSE
	EndGlobalSection
	GlobalSection(ExtensibilityGlobals) = postSolution
		SolutionGuid = {80E572F1-DB6F-4162-974E-E6090F24FCAB}
	EndGlobalSection
EndGlobal
